
Microsoft Visual Studio Solution File, Format Version 12.00
# Visual Studio Version 17
VisualStudioVersion = 17.10.34707.107
MinimumVisualStudioVersion = 10.0.40219.1
Project("{FAE04EC0-301F-11D3-BF4B-00C04F79EFBC}") = "desafio", "desafio\desafio.csproj", "{5C9F9DEA-66AF-4522-8F96-E199600C504B}"
EndProject
Global
	GlobalSection(SolutionConfigurationPlatforms) = preSolution
		Debug|Any CPU = Debug|Any CPU
		Release|Any CPU = Release|Any CPU
	EndGlobalSection
	GlobalSection(ProjectConfigurationPlatforms) = postSolution
		{5C9F9DEA-66AF-4522-8F96-E199600C504B}.Debug|Any CPU.ActiveCfg = Debug|Any CPU
		{5C9F9DEA-66AF-4522-8F96-E199600C504B}.Debug|Any CPU.Build.0 = Debug|Any CPU
		{5C9F9DEA-66AF-4522-8F96-E199600C504B}.Release|Any CPU.ActiveCfg = Release|Any CPU
		{5C9F9DEA-66AF-4522-8F96-E199600C504B}.Release|Any CPU.Build.0 = Release|Any CPU
	EndGlobalSection
	GlobalSection(SolutionProperties) = preSolution
		HideSolutionNode = FALSE
	EndGlobalSection
	GlobalSection(ExtensibilityGlobals) = postSolution
		SolutionGuid = {7A06503C-39A8-4926-BF89-139ECFFA5284}
	EndGlobalSection
EndGlobal
